// !$*UTF8*$!
{
	archiveVersion = 1;
	classes = {
	};
	objectVersion = 46;
	objects = {

/* Begin PBXBuildFile section */
		DC00B86F16FB517E00FDA9FC /* Group+Create.m in Sources */ = {isa = PBXBuildFile; fileRef = DC00B86E16FB517E00FDA9FC /* Group+Create.m */; };
		DC00B87216FB548800FDA9FC /* GroupsViewController.m in Sources */ = {isa = PBXBuildFile; fileRef = DC00B87116FB548800FDA9FC /* GroupsViewController.m */; };
		DC00B87E16FB616900FDA9FC /* Login+Create.m in Sources */ = {isa = PBXBuildFile; fileRef = DC00B87D16FB616900FDA9FC /* Login+Create.m */; };
		DC1630A7175641DC00A8E61F /* KeychainHelper.m in Sources */ = {isa = PBXBuildFile; fileRef = DC1630A6175641DC00A8E61F /* KeychainHelper.m */; };
		DC1630AA1756BE0900A8E61F /* CodeHelper.m in Sources */ = {isa = PBXBuildFile; fileRef = DC1630A91756BE0900A8E61F /* CodeHelper.m */; };
		DC1630AC1756C79F00A8E61F /* Security.framework in Frameworks */ = {isa = PBXBuildFile; fileRef = DC1630AB1756C79F00A8E61F /* Security.framework */; };
		DC1E55DB17411C9C0065D2C4 /* LockViewController.m in Sources */ = {isa = PBXBuildFile; fileRef = DC1E55DA17411C9C0065D2C4 /* LockViewController.m */; };
		DC1E55DE17411E250065D2C4 /* LockView.m in Sources */ = {isa = PBXBuildFile; fileRef = DC1E55DD17411E250065D2C4 /* LockView.m */; };
		DC295BA7171B05A10064A8D7 /* SyncManager.m in Sources */ = {isa = PBXBuildFile; fileRef = DC295BA6171B05A10064A8D7 /* SyncManager.m */; };
		DC295BB8171B28AC0064A8D7 /* Device+Create.m in Sources */ = {isa = PBXBuildFile; fileRef = DC295BB7171B28AC0064A8D7 /* Device+Create.m */; };
		DC295BD0171B4AA10064A8D7 /* Device.m in Sources */ = {isa = PBXBuildFile; fileRef = DC295BCF171B4AA10064A8D7 /* Device.m */; };
		DC295BD3171B4AA10064A8D7 /* Group.m in Sources */ = {isa = PBXBuildFile; fileRef = DC295BD2171B4AA10064A8D7 /* Group.m */; };
		DC5E5F0A16F64CF700FC84EC /* ASLogins.xcdatamodeld in Sources */ = {isa = PBXBuildFile; fileRef = DC5E5F0816F64CF700FC84EC /* ASLogins.xcdatamodeld */; };
		DC5E5F2B16F6578100FC84EC /* CoreData.framework in Frameworks */ = {isa = PBXBuildFile; fileRef = DC5E5F2A16F6578100FC84EC /* CoreData.framework */; };
		DC5E5F9E16FA111600FC84EC /* DeviceFieldCell.m in Sources */ = {isa = PBXBuildFile; fileRef = DC5E5F9D16FA111600FC84EC /* DeviceFieldCell.m */; };
		DC5E5FA116FA2B0E00FC84EC /* LoginCell.m in Sources */ = {isa = PBXBuildFile; fileRef = DC5E5FA016FA2B0E00FC84EC /* LoginCell.m */; };
		DC7E72BC172AA9AA0015E975 /* ISODateFormatter.m in Sources */ = {isa = PBXBuildFile; fileRef = DC7E72BB172AA9AA0015E975 /* ISODateFormatter.m */; };
		DC86C3C817183A8E001BD154 /* DeviceCell.m in Sources */ = {isa = PBXBuildFile; fileRef = DC86C3C717183A8E001BD154 /* DeviceCell.m */; };
		DCAA7D171732A4470083EF5B /* NSData+Random.m in Sources */ = {isa = PBXBuildFile; fileRef = DCAA7D161732A4470083EF5B /* NSData+Random.m */; };
		DCB4E0B51723D44A0052A1C0 /* EncryptionTransformer.m in Sources */ = {isa = PBXBuildFile; fileRef = DCB4E0B41723D44A0052A1C0 /* EncryptionTransformer.m */; };
		DCB4E0BB1723DB050052A1C0 /* NSData+AES256.m in Sources */ = {isa = PBXBuildFile; fileRef = DCB4E0BA1723DB050052A1C0 /* NSData+AES256.m */; };
		DCB4E0BE1726797A0052A1C0 /* Login.m in Sources */ = {isa = PBXBuildFile; fileRef = DCB4E0BD1726797A0052A1C0 /* Login.m */; };
		DCB6556E16F4F53E00205396 /* UIKit.framework in Frameworks */ = {isa = PBXBuildFile; fileRef = DCB6556D16F4F53E00205396 /* UIKit.framework */; };
		DCB6557016F4F53E00205396 /* Foundation.framework in Frameworks */ = {isa = PBXBuildFile; fileRef = DCB6556F16F4F53E00205396 /* Foundation.framework */; };
		DCB6557216F4F53E00205396 /* CoreGraphics.framework in Frameworks */ = {isa = PBXBuildFile; fileRef = DCB6557116F4F53E00205396 /* CoreGraphics.framework */; };
		DCB6557816F4F53E00205396 /* InfoPlist.strings in Resources */ = {isa = PBXBuildFile; fileRef = DCB6557616F4F53E00205396 /* InfoPlist.strings */; };
		DCB6557A16F4F53E00205396 /* main.m in Sources */ = {isa = PBXBuildFile; fileRef = DCB6557916F4F53E00205396 /* main.m */; };
		DCB6557E16F4F53E00205396 /* AppDelegate.m in Sources */ = {isa = PBXBuildFile; fileRef = DCB6557D16F4F53E00205396 /* AppDelegate.m */; };
		DCB6558016F4F53E00205396 /* Default.png in Resources */ = {isa = PBXBuildFile; fileRef = DCB6557F16F4F53E00205396 /* Default.png */; };
		DCB6558216F4F53E00205396 /* Default@2x.png in Resources */ = {isa = PBXBuildFile; fileRef = DCB6558116F4F53E00205396 /* Default@2x.png */; };
		DCB6558416F4F53E00205396 /* Default-568h@2x.png in Resources */ = {isa = PBXBuildFile; fileRef = DCB6558316F4F53E00205396 /* Default-568h@2x.png */; };
		DCB6559216F4F6B900205396 /* DevicesTableViewController.m in Sources */ = {isa = PBXBuildFile; fileRef = DCB6559116F4F6B900205396 /* DevicesTableViewController.m */; };
		DCB6559516F503C900205396 /* DeviceViewController.m in Sources */ = {isa = PBXBuildFile; fileRef = DCB6559416F503C900205396 /* DeviceViewController.m */; };
		DCBE227E175812B7001FB677 /* SettingsViewController.m in Sources */ = {isa = PBXBuildFile; fileRef = DCBE227D175812B6001FB677 /* SettingsViewController.m */; };
		DCBE2281175861DF001FB677 /* SettingsButtonCell.m in Sources */ = {isa = PBXBuildFile; fileRef = DCBE2280175861DF001FB677 /* SettingsButtonCell.m */; };
		DCDA31DF170713E10051B2D4 /* GroupCell.m in Sources */ = {isa = PBXBuildFile; fileRef = DCDA31DE170713E10051B2D4 /* GroupCell.m */; };
		DCE1396D17327D810028605C /* NSData+Base64.m in Sources */ = {isa = PBXBuildFile; fileRef = DCE1396C17327D810028605C /* NSData+Base64.m */; };
		DCEF9D3A173F8A940041D991 /* DeleteCell.m in Sources */ = {isa = PBXBuildFile; fileRef = DCEF9D39173F8A940041D991 /* DeleteCell.m */; };
		DCEF9D3D173F8EDE0041D991 /* red_button.png in Resources */ = {isa = PBXBuildFile; fileRef = DCEF9D3B173F8EDE0041D991 /* red_button.png */; };
		DCEF9D3E173F8EDE0041D991 /* red_button@2x.png in Resources */ = {isa = PBXBuildFile; fileRef = DCEF9D3C173F8EDE0041D991 /* red_button@2x.png */; };
		DCEF9D41173FC0B40041D991 /* Login+Encryption.m in Sources */ = {isa = PBXBuildFile; fileRef = DCEF9D40173FC0B40041D991 /* Login+Encryption.m */; };
		DCEF9D44173FDC910041D991 /* TDBadgedCell.m in Sources */ = {isa = PBXBuildFile; fileRef = DCEF9D43173FDC910041D991 /* TDBadgedCell.m */; };
		DCEF9D46173FDCB00041D991 /* QuartzCore.framework in Frameworks */ = {isa = PBXBuildFile; fileRef = DCEF9D45173FDCB00041D991 /* QuartzCore.framework */; };
/* End PBXBuildFile section */

/* Begin PBXFileReference section */
		DC00B86D16FB517E00FDA9FC /* Group+Create.h */ = {isa = PBXFileReference; fileEncoding = 4; lastKnownFileType = sourcecode.c.h; path = "Group+Create.h"; sourceTree = "<group>"; };
		DC00B86E16FB517E00FDA9FC /* Group+Create.m */ = {isa = PBXFileReference; fileEncoding = 4; lastKnownFileType = sourcecode.c.objc; path = "Group+Create.m"; sourceTree = "<group>"; };
		DC00B87016FB548800FDA9FC /* GroupsViewController.h */ = {isa = PBXFileReference; fileEncoding = 4; lastKnownFileType = sourcecode.c.h; path = GroupsViewController.h; sourceTree = "<group>"; };
		DC00B87116FB548800FDA9FC /* GroupsViewController.m */ = {isa = PBXFileReference; fileEncoding = 4; lastKnownFileType = sourcecode.c.objc; path = GroupsViewController.m; sourceTree = "<group>"; };
		DC00B87C16FB616900FDA9FC /* Login+Create.h */ = {isa = PBXFileReference; fileEncoding = 4; lastKnownFileType = sourcecode.c.h; path = "Login+Create.h"; sourceTree = "<group>"; };
		DC00B87D16FB616900FDA9FC /* Login+Create.m */ = {isa = PBXFileReference; fileEncoding = 4; lastKnownFileType = sourcecode.c.objc; path = "Login+Create.m"; sourceTree = "<group>"; };
		DC1630A5175641DC00A8E61F /* KeychainHelper.h */ = {isa = PBXFileReference; fileEncoding = 4; lastKnownFileType = sourcecode.c.h; path = KeychainHelper.h; sourceTree = "<group>"; };
		DC1630A6175641DC00A8E61F /* KeychainHelper.m */ = {isa = PBXFileReference; fileEncoding = 4; lastKnownFileType = sourcecode.c.objc; path = KeychainHelper.m; sourceTree = "<group>"; };
		DC1630A81756BE0900A8E61F /* CodeHelper.h */ = {isa = PBXFileReference; fileEncoding = 4; lastKnownFileType = sourcecode.c.h; path = CodeHelper.h; sourceTree = "<group>"; };
		DC1630A91756BE0900A8E61F /* CodeHelper.m */ = {isa = PBXFileReference; fileEncoding = 4; lastKnownFileType = sourcecode.c.objc; path = CodeHelper.m; sourceTree = "<group>"; };
		DC1630AB1756C79F00A8E61F /* Security.framework */ = {isa = PBXFileReference; lastKnownFileType = wrapper.framework; name = Security.framework; path = System/Library/Frameworks/Security.framework; sourceTree = SDKROOT; };
		DC1E55D917411C9C0065D2C4 /* LockViewController.h */ = {isa = PBXFileReference; fileEncoding = 4; lastKnownFileType = sourcecode.c.h; path = LockViewController.h; sourceTree = "<group>"; };
		DC1E55DA17411C9C0065D2C4 /* LockViewController.m */ = {isa = PBXFileReference; fileEncoding = 4; lastKnownFileType = sourcecode.c.objc; path = LockViewController.m; sourceTree = "<group>"; };
		DC1E55DC17411E250065D2C4 /* LockView.h */ = {isa = PBXFileReference; fileEncoding = 4; lastKnownFileType = sourcecode.c.h; path = LockView.h; sourceTree = "<group>"; };
		DC1E55DD17411E250065D2C4 /* LockView.m */ = {isa = PBXFileReference; fileEncoding = 4; lastKnownFileType = sourcecode.c.objc; path = LockView.m; sourceTree = "<group>"; };
		DC295BA5171B05A10064A8D7 /* SyncManager.h */ = {isa = PBXFileReference; fileEncoding = 4; lastKnownFileType = sourcecode.c.h; path = SyncManager.h; sourceTree = "<group>"; };
		DC295BA6171B05A10064A8D7 /* SyncManager.m */ = {isa = PBXFileReference; fileEncoding = 4; lastKnownFileType = sourcecode.c.objc; path = SyncManager.m; sourceTree = "<group>"; };
		DC295BB6171B28AC0064A8D7 /* Device+Create.h */ = {isa = PBXFileReference; fileEncoding = 4; lastKnownFileType = sourcecode.c.h; path = "Device+Create.h"; sourceTree = "<group>"; };
		DC295BB7171B28AC0064A8D7 /* Device+Create.m */ = {isa = PBXFileReference; fileEncoding = 4; lastKnownFileType = sourcecode.c.objc; path = "Device+Create.m"; sourceTree = "<group>"; };
		DC295BCE171B4AA10064A8D7 /* Device.h */ = {isa = PBXFileReference; fileEncoding = 4; lastKnownFileType = sourcecode.c.h; path = Device.h; sourceTree = "<group>"; };
		DC295BCF171B4AA10064A8D7 /* Device.m */ = {isa = PBXFileReference; fileEncoding = 4; lastKnownFileType = sourcecode.c.objc; path = Device.m; sourceTree = "<group>"; };
		DC295BD1171B4AA10064A8D7 /* Group.h */ = {isa = PBXFileReference; fileEncoding = 4; lastKnownFileType = sourcecode.c.h; path = Group.h; sourceTree = "<group>"; };
		DC295BD2171B4AA10064A8D7 /* Group.m */ = {isa = PBXFileReference; fileEncoding = 4; lastKnownFileType = sourcecode.c.objc; path = Group.m; sourceTree = "<group>"; };
		DC5E5F0916F64CF700FC84EC /* ASLogins.xcdatamodel */ = {isa = PBXFileReference; lastKnownFileType = wrapper.xcdatamodel; path = ASLogins.xcdatamodel; sourceTree = "<group>"; };
		DC5E5F2A16F6578100FC84EC /* CoreData.framework */ = {isa = PBXFileReference; lastKnownFileType = wrapper.framework; name = CoreData.framework; path = System/Library/Frameworks/CoreData.framework; sourceTree = SDKROOT; };
		DC5E5F9C16FA111600FC84EC /* DeviceFieldCell.h */ = {isa = PBXFileReference; fileEncoding = 4; lastKnownFileType = sourcecode.c.h; path = DeviceFieldCell.h; sourceTree = "<group>"; };
		DC5E5F9D16FA111600FC84EC /* DeviceFieldCell.m */ = {isa = PBXFileReference; fileEncoding = 4; lastKnownFileType = sourcecode.c.objc; path = DeviceFieldCell.m; sourceTree = "<group>"; };
		DC5E5F9F16FA2B0E00FC84EC /* LoginCell.h */ = {isa = PBXFileReference; fileEncoding = 4; lastKnownFileType = sourcecode.c.h; path = LoginCell.h; sourceTree = "<group>"; };
		DC5E5FA016FA2B0E00FC84EC /* LoginCell.m */ = {isa = PBXFileReference; fileEncoding = 4; lastKnownFileType = sourcecode.c.objc; path = LoginCell.m; sourceTree = "<group>"; };
		DC7E72BA172AA9AA0015E975 /* ISODateFormatter.h */ = {isa = PBXFileReference; fileEncoding = 4; lastKnownFileType = sourcecode.c.h; path = ISODateFormatter.h; sourceTree = "<group>"; };
		DC7E72BB172AA9AA0015E975 /* ISODateFormatter.m */ = {isa = PBXFileReference; fileEncoding = 4; lastKnownFileType = sourcecode.c.objc; path = ISODateFormatter.m; sourceTree = "<group>"; };
		DC86C3C617183A8E001BD154 /* DeviceCell.h */ = {isa = PBXFileReference; fileEncoding = 4; lastKnownFileType = sourcecode.c.h; path = DeviceCell.h; sourceTree = "<group>"; };
		DC86C3C717183A8E001BD154 /* DeviceCell.m */ = {isa = PBXFileReference; fileEncoding = 4; lastKnownFileType = sourcecode.c.objc; path = DeviceCell.m; sourceTree = "<group>"; };
		DCAA7D151732A4470083EF5B /* NSData+Random.h */ = {isa = PBXFileReference; fileEncoding = 4; lastKnownFileType = sourcecode.c.h; path = "NSData+Random.h"; sourceTree = "<group>"; };
		DCAA7D161732A4470083EF5B /* NSData+Random.m */ = {isa = PBXFileReference; fileEncoding = 4; lastKnownFileType = sourcecode.c.objc; path = "NSData+Random.m"; sourceTree = "<group>"; };
		DCB4E0B31723D44A0052A1C0 /* EncryptionTransformer.h */ = {isa = PBXFileReference; fileEncoding = 4; lastKnownFileType = sourcecode.c.h; path = EncryptionTransformer.h; sourceTree = "<group>"; };
		DCB4E0B41723D44A0052A1C0 /* EncryptionTransformer.m */ = {isa = PBXFileReference; fileEncoding = 4; lastKnownFileType = sourcecode.c.objc; path = EncryptionTransformer.m; sourceTree = "<group>"; };
		DCB4E0B91723DB050052A1C0 /* NSData+AES256.h */ = {isa = PBXFileReference; fileEncoding = 4; lastKnownFileType = sourcecode.c.h; path = "NSData+AES256.h"; sourceTree = "<group>"; };
		DCB4E0BA1723DB050052A1C0 /* NSData+AES256.m */ = {isa = PBXFileReference; fileEncoding = 4; lastKnownFileType = sourcecode.c.objc; path = "NSData+AES256.m"; sourceTree = "<group>"; };
		DCB4E0BC1726797A0052A1C0 /* Login.h */ = {isa = PBXFileReference; fileEncoding = 4; lastKnownFileType = sourcecode.c.h; path = Login.h; sourceTree = "<group>"; };
		DCB4E0BD1726797A0052A1C0 /* Login.m */ = {isa = PBXFileReference; fileEncoding = 4; lastKnownFileType = sourcecode.c.objc; path = Login.m; sourceTree = "<group>"; };
		DCB6556A16F4F53E00205396 /* AS Logins.app */ = {isa = PBXFileReference; explicitFileType = wrapper.application; includeInIndex = 0; path = "AS Logins.app"; sourceTree = BUILT_PRODUCTS_DIR; };
		DCB6556D16F4F53E00205396 /* UIKit.framework */ = {isa = PBXFileReference; lastKnownFileType = wrapper.framework; name = UIKit.framework; path = System/Library/Frameworks/UIKit.framework; sourceTree = SDKROOT; };
		DCB6556F16F4F53E00205396 /* Foundation.framework */ = {isa = PBXFileReference; lastKnownFileType = wrapper.framework; name = Foundation.framework; path = System/Library/Frameworks/Foundation.framework; sourceTree = SDKROOT; };
		DCB6557116F4F53E00205396 /* CoreGraphics.framework */ = {isa = PBXFileReference; lastKnownFileType = wrapper.framework; name = CoreGraphics.framework; path = System/Library/Frameworks/CoreGraphics.framework; sourceTree = SDKROOT; };
		DCB6557516F4F53E00205396 /* AS Logins-Info.plist */ = {isa = PBXFileReference; lastKnownFileType = text.plist.xml; path = "AS Logins-Info.plist"; sourceTree = "<group>"; };
		DCB6557716F4F53E00205396 /* en */ = {isa = PBXFileReference; lastKnownFileType = text.plist.strings; name = en; path = en.lproj/InfoPlist.strings; sourceTree = "<group>"; };
		DCB6557916F4F53E00205396 /* main.m */ = {isa = PBXFileReference; lastKnownFileType = sourcecode.c.objc; path = main.m; sourceTree = "<group>"; };
		DCB6557B16F4F53E00205396 /* AS Logins-Prefix.pch */ = {isa = PBXFileReference; lastKnownFileType = sourcecode.c.h; path = "AS Logins-Prefix.pch"; sourceTree = "<group>"; };
		DCB6557C16F4F53E00205396 /* AppDelegate.h */ = {isa = PBXFileReference; lastKnownFileType = sourcecode.c.h; path = AppDelegate.h; sourceTree = "<group>"; };
		DCB6557D16F4F53E00205396 /* AppDelegate.m */ = {isa = PBXFileReference; lastKnownFileType = sourcecode.c.objc; path = AppDelegate.m; sourceTree = "<group>"; };
		DCB6557F16F4F53E00205396 /* Default.png */ = {isa = PBXFileReference; lastKnownFileType = image.png; path = Default.png; sourceTree = "<group>"; };
		DCB6558116F4F53E00205396 /* Default@2x.png */ = {isa = PBXFileReference; lastKnownFileType = image.png; path = "Default@2x.png"; sourceTree = "<group>"; };
		DCB6558316F4F53E00205396 /* Default-568h@2x.png */ = {isa = PBXFileReference; lastKnownFileType = image.png; path = "Default-568h@2x.png"; sourceTree = "<group>"; };
		DCB6559016F4F6B900205396 /* DevicesTableViewController.h */ = {isa = PBXFileReference; fileEncoding = 4; lastKnownFileType = sourcecode.c.h; path = DevicesTableViewController.h; sourceTree = "<group>"; };
		DCB6559116F4F6B900205396 /* DevicesTableViewController.m */ = {isa = PBXFileReference; fileEncoding = 4; lastKnownFileType = sourcecode.c.objc; path = DevicesTableViewController.m; sourceTree = "<group>"; };
		DCB6559316F503C900205396 /* DeviceViewController.h */ = {isa = PBXFileReference; fileEncoding = 4; lastKnownFileType = sourcecode.c.h; path = DeviceViewController.h; sourceTree = "<group>"; };
		DCB6559416F503C900205396 /* DeviceViewController.m */ = {isa = PBXFileReference; fileEncoding = 4; lastKnownFileType = sourcecode.c.objc; path = DeviceViewController.m; sourceTree = "<group>"; };
		DCBE227C175812B6001FB677 /* SettingsViewController.h */ = {isa = PBXFileReference; fileEncoding = 4; lastKnownFileType = sourcecode.c.h; path = SettingsViewController.h; sourceTree = "<group>"; };
		DCBE227D175812B6001FB677 /* SettingsViewController.m */ = {isa = PBXFileReference; fileEncoding = 4; lastKnownFileType = sourcecode.c.objc; path = SettingsViewController.m; sourceTree = "<group>"; };
		DCBE227F175861DF001FB677 /* SettingsButtonCell.h */ = {isa = PBXFileReference; fileEncoding = 4; lastKnownFileType = sourcecode.c.h; path = SettingsButtonCell.h; sourceTree = "<group>"; };
		DCBE2280175861DF001FB677 /* SettingsButtonCell.m */ = {isa = PBXFileReference; fileEncoding = 4; lastKnownFileType = sourcecode.c.objc; path = SettingsButtonCell.m; sourceTree = "<group>"; };
		DCDA31DD170713E10051B2D4 /* GroupCell.h */ = {isa = PBXFileReference; fileEncoding = 4; lastKnownFileType = sourcecode.c.h; path = GroupCell.h; sourceTree = "<group>"; };
		DCDA31DE170713E10051B2D4 /* GroupCell.m */ = {isa = PBXFileReference; fileEncoding = 4; lastKnownFileType = sourcecode.c.objc; path = GroupCell.m; sourceTree = "<group>"; };
		DCE1396B17327D810028605C /* NSData+Base64.h */ = {isa = PBXFileReference; fileEncoding = 4; lastKnownFileType = sourcecode.c.h; path = "NSData+Base64.h"; sourceTree = "<group>"; };
		DCE1396C17327D810028605C /* NSData+Base64.m */ = {isa = PBXFileReference; fileEncoding = 4; lastKnownFileType = sourcecode.c.objc; path = "NSData+Base64.m"; sourceTree = "<group>"; };
		DCE1396E1732993A0028605C /* SiteSettings.h */ = {isa = PBXFileReference; fileEncoding = 4; lastKnownFileType = sourcecode.c.h; path = SiteSettings.h; sourceTree = "<group>"; };
		DCEF9D38173F8A940041D991 /* DeleteCell.h */ = {isa = PBXFileReference; fileEncoding = 4; lastKnownFileType = sourcecode.c.h; path = DeleteCell.h; sourceTree = "<group>"; };
		DCEF9D39173F8A940041D991 /* DeleteCell.m */ = {isa = PBXFileReference; fileEncoding = 4; lastKnownFileType = sourcecode.c.objc; path = DeleteCell.m; sourceTree = "<group>"; };
		DCEF9D3B173F8EDE0041D991 /* red_button.png */ = {isa = PBXFileReference; lastKnownFileType = image.png; path = red_button.png; sourceTree = "<group>"; };
		DCEF9D3C173F8EDE0041D991 /* red_button@2x.png */ = {isa = PBXFileReference; lastKnownFileType = image.png; path = "red_button@2x.png"; sourceTree = "<group>"; };
		DCEF9D3F173FC0B40041D991 /* Login+Encryption.h */ = {isa = PBXFileReference; fileEncoding = 4; lastKnownFileType = sourcecode.c.h; path = "Login+Encryption.h"; sourceTree = "<group>"; };
		DCEF9D40173FC0B40041D991 /* Login+Encryption.m */ = {isa = PBXFileReference; fileEncoding = 4; lastKnownFileType = sourcecode.c.objc; path = "Login+Encryption.m"; sourceTree = "<group>"; };
		DCEF9D42173FDC900041D991 /* TDBadgedCell.h */ = {isa = PBXFileReference; fileEncoding = 4; lastKnownFileType = sourcecode.c.h; path = TDBadgedCell.h; sourceTree = "<group>"; };
		DCEF9D43173FDC910041D991 /* TDBadgedCell.m */ = {isa = PBXFileReference; fileEncoding = 4; lastKnownFileType = sourcecode.c.objc; path = TDBadgedCell.m; sourceTree = "<group>"; };
		DCEF9D45173FDCB00041D991 /* QuartzCore.framework */ = {isa = PBXFileReference; lastKnownFileType = wrapper.framework; name = QuartzCore.framework; path = System/Library/Frameworks/QuartzCore.framework; sourceTree = SDKROOT; };
/* End PBXFileReference section */

/* Begin PBXFrameworksBuildPhase section */
		DCB6556716F4F53E00205396 /* Frameworks */ = {
			isa = PBXFrameworksBuildPhase;
			buildActionMask = 2147483647;
			files = (
				DC1630AC1756C79F00A8E61F /* Security.framework in Frameworks */,
				DCEF9D46173FDCB00041D991 /* QuartzCore.framework in Frameworks */,
				DC5E5F2B16F6578100FC84EC /* CoreData.framework in Frameworks */,
				DCB6556E16F4F53E00205396 /* UIKit.framework in Frameworks */,
				DCB6557016F4F53E00205396 /* Foundation.framework in Frameworks */,
				DCB6557216F4F53E00205396 /* CoreGraphics.framework in Frameworks */,
			);
			runOnlyForDeploymentPostprocessing = 0;
		};
/* End PBXFrameworksBuildPhase section */

/* Begin PBXGroup section */
		DC5E5F1D16F64F2800FC84EC /* Managed Objects */ = {
			isa = PBXGroup;
			children = (
				DC5E5F0816F64CF700FC84EC /* ASLogins.xcdatamodeld */,
				DCB4E0BC1726797A0052A1C0 /* Login.h */,
				DCB4E0BD1726797A0052A1C0 /* Login.m */,
				DC295BD1171B4AA10064A8D7 /* Group.h */,
				DC295BD2171B4AA10064A8D7 /* Group.m */,
				DC295BCE171B4AA10064A8D7 /* Device.h */,
				DC295BCF171B4AA10064A8D7 /* Device.m */,
				DC295BB6171B28AC0064A8D7 /* Device+Create.h */,
				DC295BB7171B28AC0064A8D7 /* Device+Create.m */,
				DC00B86D16FB517E00FDA9FC /* Group+Create.h */,
				DC00B86E16FB517E00FDA9FC /* Group+Create.m */,
				DC00B87C16FB616900FDA9FC /* Login+Create.h */,
				DCEF9D3F173FC0B40041D991 /* Login+Encryption.h */,
				DCEF9D40173FC0B40041D991 /* Login+Encryption.m */,
				DC00B87D16FB616900FDA9FC /* Login+Create.m */,
			);
			name = "Managed Objects";
			sourceTree = "<group>";
		};
		DCAA7D181732A5010083EF5B /* Categories */ = {
			isa = PBXGroup;
			children = (
				DCAA7D151732A4470083EF5B /* NSData+Random.h */,
				DCAA7D161732A4470083EF5B /* NSData+Random.m */,
				DCE1396B17327D810028605C /* NSData+Base64.h */,
				DCE1396C17327D810028605C /* NSData+Base64.m */,
				DCB4E0B91723DB050052A1C0 /* NSData+AES256.h */,
				DCB4E0BA1723DB050052A1C0 /* NSData+AES256.m */,
			);
			name = Categories;
			sourceTree = "<group>";
		};
		DCB6556116F4F53E00205396 = {
			isa = PBXGroup;
			children = (
				DCB6557316F4F53E00205396 /* AS Logins */,
				DCB6556C16F4F53E00205396 /* Frameworks */,
				DCB6556B16F4F53E00205396 /* Products */,
			);
			sourceTree = "<group>";
		};
		DCB6556B16F4F53E00205396 /* Products */ = {
			isa = PBXGroup;
			children = (
				DCB6556A16F4F53E00205396 /* AS Logins.app */,
			);
			name = Products;
			sourceTree = "<group>";
		};
		DCB6556C16F4F53E00205396 /* Frameworks */ = {
			isa = PBXGroup;
			children = (
				DC1630AB1756C79F00A8E61F /* Security.framework */,
				DC5E5F2A16F6578100FC84EC /* CoreData.framework */,
				DCB6556D16F4F53E00205396 /* UIKit.framework */,
				DCB6556F16F4F53E00205396 /* Foundation.framework */,
				DCB6557116F4F53E00205396 /* CoreGraphics.framework */,
				DCEF9D45173FDCB00041D991 /* QuartzCore.framework */,
			);
			name = Frameworks;
			sourceTree = "<group>";
		};
		DCB6557316F4F53E00205396 /* AS Logins */ = {
			isa = PBXGroup;
			children = (
				DCE1396E1732993A0028605C /* SiteSettings.h */,
				DCB4E0B31723D44A0052A1C0 /* EncryptionTransformer.h */,
				DCB4E0B41723D44A0052A1C0 /* EncryptionTransformer.m */,
				DC7E72BA172AA9AA0015E975 /* ISODateFormatter.h */,
				DC7E72BB172AA9AA0015E975 /* ISODateFormatter.m */,
				DCB6557C16F4F53E00205396 /* AppDelegate.h */,
				DCB6557D16F4F53E00205396 /* AppDelegate.m */,
				DC1630A5175641DC00A8E61F /* KeychainHelper.h */,
				DC1630A6175641DC00A8E61F /* KeychainHelper.m */,
				DC1630A81756BE0900A8E61F /* CodeHelper.h */,
				DC1630A91756BE0900A8E61F /* CodeHelper.m */,
				DCAA7D181732A5010083EF5B /* Categories */,
				DCB6559616F503D600205396 /* View Controllers */,
				DC5E5F1D16F64F2800FC84EC /* Managed Objects */,
				DCB6557416F4F53E00205396 /* Supporting Files */,
			);
			path = "AS Logins";
			sourceTree = "<group>";
		};
		DCB6557416F4F53E00205396 /* Supporting Files */ = {
			isa = PBXGroup;
			children = (
				DCB6557516F4F53E00205396 /* AS Logins-Info.plist */,
				DCB6557616F4F53E00205396 /* InfoPlist.strings */,
				DCB6557916F4F53E00205396 /* main.m */,
				DCB6557B16F4F53E00205396 /* AS Logins-Prefix.pch */,
				DCEF9D3B173F8EDE0041D991 /* red_button.png */,
				DCEF9D3C173F8EDE0041D991 /* red_button@2x.png */,
				DCB6557F16F4F53E00205396 /* Default.png */,
				DCB6558116F4F53E00205396 /* Default@2x.png */,
				DCB6558316F4F53E00205396 /* Default-568h@2x.png */,
			);
			name = "Supporting Files";
			sourceTree = "<group>";
		};
		DCB6559616F503D600205396 /* View Controllers */ = {
			isa = PBXGroup;
			children = (
				DCEF9D42173FDC900041D991 /* TDBadgedCell.h */,
				DCEF9D43173FDC910041D991 /* TDBadgedCell.m */,
				DCB6559316F503C900205396 /* DeviceViewController.h */,
				DCB6559416F503C900205396 /* DeviceViewController.m */,
				DCEF9D38173F8A940041D991 /* DeleteCell.h */,
				DCEF9D39173F8A940041D991 /* DeleteCell.m */,
				DC86C3C617183A8E001BD154 /* DeviceCell.h */,
				DC86C3C717183A8E001BD154 /* DeviceCell.m */,
				DC5E5F9C16FA111600FC84EC /* DeviceFieldCell.h */,
				DC5E5F9D16FA111600FC84EC /* DeviceFieldCell.m */,
				DCB6559016F4F6B900205396 /* DevicesTableViewController.h */,
				DCB6559116F4F6B900205396 /* DevicesTableViewController.m */,
				DC5E5F9F16FA2B0E00FC84EC /* LoginCell.h */,
				DC5E5FA016FA2B0E00FC84EC /* LoginCell.m */,
				DC00B87016FB548800FDA9FC /* GroupsViewController.h */,
				DC00B87116FB548800FDA9FC /* GroupsViewController.m */,
				DCDA31DD170713E10051B2D4 /* GroupCell.h */,
				DCDA31DE170713E10051B2D4 /* GroupCell.m */,
				DC295BA5171B05A10064A8D7 /* SyncManager.h */,
				DC295BA6171B05A10064A8D7 /* SyncManager.m */,
				DC1E55D917411C9C0065D2C4 /* LockViewController.h */,
				DC1E55DA17411C9C0065D2C4 /* LockViewController.m */,
				DC1E55DC17411E250065D2C4 /* LockView.h */,
				DC1E55DD17411E250065D2C4 /* LockView.m */,
				DCBE227C175812B6001FB677 /* SettingsViewController.h */,
				DCBE227D175812B6001FB677 /* SettingsViewController.m */,
				DCBE227F175861DF001FB677 /* SettingsButtonCell.h */,
				DCBE2280175861DF001FB677 /* SettingsButtonCell.m */,
			);
			name = "View Controllers";
			sourceTree = "<group>";
		};
/* End PBXGroup section */

/* Begin PBXNativeTarget section */
		DCB6556916F4F53E00205396 /* AS Logins */ = {
			isa = PBXNativeTarget;
			buildConfigurationList = DCB6558D16F4F53E00205396 /* Build configuration list for PBXNativeTarget "AS Logins" */;
			buildPhases = (
				DCB6556616F4F53E00205396 /* Sources */,
				DCB6556716F4F53E00205396 /* Frameworks */,
				DCB6556816F4F53E00205396 /* Resources */,
			);
			buildRules = (
			);
			dependencies = (
			);
			name = "AS Logins";
			productName = "AS Logins";
			productReference = DCB6556A16F4F53E00205396 /* AS Logins.app */;
			productType = "com.apple.product-type.application";
		};
/* End PBXNativeTarget section */

/* Begin PBXProject section */
		DCB6556216F4F53E00205396 /* Project object */ = {
			isa = PBXProject;
			attributes = {
				LastUpgradeCheck = 0460;
				ORGANIZATIONNAME = "Robbie Clarken";
			};
			buildConfigurationList = DCB6556516F4F53E00205396 /* Build configuration list for PBXProject "AS Logins" */;
			compatibilityVersion = "Xcode 3.2";
			developmentRegion = English;
			hasScannedForEncodings = 0;
			knownRegions = (
				en,
			);
			mainGroup = DCB6556116F4F53E00205396;
			productRefGroup = DCB6556B16F4F53E00205396 /* Products */;
			projectDirPath = "";
			projectRoot = "";
			targets = (
				DCB6556916F4F53E00205396 /* AS Logins */,
			);
		};
/* End PBXProject section */

/* Begin PBXResourcesBuildPhase section */
		DCB6556816F4F53E00205396 /* Resources */ = {
			isa = PBXResourcesBuildPhase;
			buildActionMask = 2147483647;
			files = (
				DCB6557816F4F53E00205396 /* InfoPlist.strings in Resources */,
				DCB6558016F4F53E00205396 /* Default.png in Resources */,
				DCB6558216F4F53E00205396 /* Default@2x.png in Resources */,
				DCB6558416F4F53E00205396 /* Default-568h@2x.png in Resources */,
				DCEF9D3D173F8EDE0041D991 /* red_button.png in Resources */,
				DCEF9D3E173F8EDE0041D991 /* red_button@2x.png in Resources */,
			);
			runOnlyForDeploymentPostprocessing = 0;
		};
/* End PBXResourcesBuildPhase section */

/* Begin PBXSourcesBuildPhase section */
		DCB6556616F4F53E00205396 /* Sources */ = {
			isa = PBXSourcesBuildPhase;
			buildActionMask = 2147483647;
			files = (
				DCB6557A16F4F53E00205396 /* main.m in Sources */,
				DCB6557E16F4F53E00205396 /* AppDelegate.m in Sources */,
				DCB6559216F4F6B900205396 /* DevicesTableViewController.m in Sources */,
				DCB6559516F503C900205396 /* DeviceViewController.m in Sources */,
				DC5E5F0A16F64CF700FC84EC /* ASLogins.xcdatamodeld in Sources */,
				DC5E5F9E16FA111600FC84EC /* DeviceFieldCell.m in Sources */,
				DC5E5FA116FA2B0E00FC84EC /* LoginCell.m in Sources */,
				DC00B86F16FB517E00FDA9FC /* Group+Create.m in Sources */,
				DC00B87216FB548800FDA9FC /* GroupsViewController.m in Sources */,
				DC00B87E16FB616900FDA9FC /* Login+Create.m in Sources */,
				DCDA31DF170713E10051B2D4 /* GroupCell.m in Sources */,
				DC86C3C817183A8E001BD154 /* DeviceCell.m in Sources */,
				DC295BA7171B05A10064A8D7 /* SyncManager.m in Sources */,
				DC295BB8171B28AC0064A8D7 /* Device+Create.m in Sources */,
				DC295BD0171B4AA10064A8D7 /* Device.m in Sources */,
				DC295BD3171B4AA10064A8D7 /* Group.m in Sources */,
				DCB4E0B51723D44A0052A1C0 /* EncryptionTransformer.m in Sources */,
				DCB4E0BB1723DB050052A1C0 /* NSData+AES256.m in Sources */,
				DCB4E0BE1726797A0052A1C0 /* Login.m in Sources */,
				DC7E72BC172AA9AA0015E975 /* ISODateFormatter.m in Sources */,
				DCE1396D17327D810028605C /* NSData+Base64.m in Sources */,
				DCAA7D171732A4470083EF5B /* NSData+Random.m in Sources */,
				DCEF9D3A173F8A940041D991 /* DeleteCell.m in Sources */,
				DCEF9D41173FC0B40041D991 /* Login+Encryption.m in Sources */,
				DCEF9D44173FDC910041D991 /* TDBadgedCell.m in Sources */,
				DC1E55DB17411C9C0065D2C4 /* LockViewController.m in Sources */,
				DC1E55DE17411E250065D2C4 /* LockView.m in Sources */,
				DC1630A7175641DC00A8E61F /* KeychainHelper.m in Sources */,
				DC1630AA1756BE0900A8E61F /* CodeHelper.m in Sources */,
				DCBE227E175812B7001FB677 /* SettingsViewController.m in Sources */,
				DCBE2281175861DF001FB677 /* SettingsButtonCell.m in Sources */,
			);
			runOnlyForDeploymentPostprocessing = 0;
		};
/* End PBXSourcesBuildPhase section */

/* Begin PBXVariantGroup section */
		DCB6557616F4F53E00205396 /* InfoPlist.strings */ = {
			isa = PBXVariantGroup;
			children = (
				DCB6557716F4F53E00205396 /* en */,
			);
			name = InfoPlist.strings;
			sourceTree = "<group>";
		};
/* End PBXVariantGroup section */

/* Begin XCBuildConfiguration section */
		DCB6558B16F4F53E00205396 /* Debug */ = {
			isa = XCBuildConfiguration;
			buildSettings = {
				ALWAYS_SEARCH_USER_PATHS = NO;
				CLANG_CXX_LANGUAGE_STANDARD = "gnu++0x";
				CLANG_CXX_LIBRARY = "libc++";
				CLANG_ENABLE_OBJC_ARC = YES;
				CLANG_WARN_CONSTANT_CONVERSION = YES;
				CLANG_WARN_EMPTY_BODY = YES;
				CLANG_WARN_ENUM_CONVERSION = YES;
				CLANG_WARN_INT_CONVERSION = YES;
				CLANG_WARN__DUPLICATE_METHOD_MATCH = YES;
				"CODE_SIGN_IDENTITY[sdk=iphoneos*]" = "iPhone Developer";
				COPY_PHASE_STRIP = NO;
				GCC_C_LANGUAGE_STANDARD = gnu99;
				GCC_DYNAMIC_NO_PIC = NO;
				GCC_OPTIMIZATION_LEVEL = 0;
				GCC_PREPROCESSOR_DEFINITIONS = (
					"DEBUG=1",
					"$(inherited)",
				);
				GCC_SYMBOLS_PRIVATE_EXTERN = NO;
				GCC_WARN_ABOUT_RETURN_TYPE = YES;
				GCC_WARN_UNINITIALIZED_AUTOS = YES;
				GCC_WARN_UNUSED_VARIABLE = YES;
				IPHONEOS_DEPLOYMENT_TARGET = 6.1;
				ONLY_ACTIVE_ARCH = YES;
				SDKROOT = iphoneos;
			};
			name = Debug;
		};
		DCB6558C16F4F53E00205396 /* Release */ = {
			isa = XCBuildConfiguration;
			buildSettings = {
				ALWAYS_SEARCH_USER_PATHS = NO;
				CLANG_CXX_LANGUAGE_STANDARD = "gnu++0x";
				CLANG_CXX_LIBRARY = "libc++";
				CLANG_ENABLE_OBJC_ARC = YES;
				CLANG_WARN_CONSTANT_CONVERSION = YES;
				CLANG_WARN_EMPTY_BODY = YES;
				CLANG_WARN_ENUM_CONVERSION = YES;
				CLANG_WARN_INT_CONVERSION = YES;
				CLANG_WARN__DUPLICATE_METHOD_MATCH = YES;
				"CODE_SIGN_IDENTITY[sdk=iphoneos*]" = "iPhone Developer";
				COPY_PHASE_STRIP = YES;
				GCC_C_LANGUAGE_STANDARD = gnu99;
				GCC_WARN_ABOUT_RETURN_TYPE = YES;
				GCC_WARN_UNINITIALIZED_AUTOS = YES;
				GCC_WARN_UNUSED_VARIABLE = YES;
				IPHONEOS_DEPLOYMENT_TARGET = 6.1;
				OTHER_CFLAGS = "-DNS_BLOCK_ASSERTIONS=1";
				SDKROOT = iphoneos;
				VALIDATE_PRODUCT = YES;
			};
			name = Release;
		};
		DCB6558E16F4F53E00205396 /* Debug */ = {
			isa = XCBuildConfiguration;
			buildSettings = {
				GCC_PRECOMPILE_PREFIX_HEADER = YES;
				GCC_PREFIX_HEADER = "AS Logins/AS Logins-Prefix.pch";
				INFOPLIST_FILE = "AS Logins/AS Logins-Info.plist";
				IPHONEOS_DEPLOYMENT_TARGET = 6.1;
				PRODUCT_NAME = "$(TARGET_NAME)";
				TARGETED_DEVICE_FAMILY = "1,2";
				WRAPPER_EXTENSION = app;
			};
			name = Debug;
		};
		DCB6558F16F4F53E00205396 /* Release */ = {
			isa = XCBuildConfiguration;
			buildSettings = {
				GCC_PRECOMPILE_PREFIX_HEADER = YES;
				GCC_PREFIX_HEADER = "AS Logins/AS Logins-Prefix.pch";
				INFOPLIST_FILE = "AS Logins/AS Logins-Info.plist";
				IPHONEOS_DEPLOYMENT_TARGET = 6.1;
				PRODUCT_NAME = "$(TARGET_NAME)";
				TARGETED_DEVICE_FAMILY = "1,2";
				WRAPPER_EXTENSION = app;
			};
			name = Release;
		};
/* End XCBuildConfiguration section */

/* Begin XCConfigurationList section */
		DCB6556516F4F53E00205396 /* Build configuration list for PBXProject "AS Logins" */ = {
			isa = XCConfigurationList;
			buildConfigurations = (
				DCB6558B16F4F53E00205396 /* Debug */,
				DCB6558C16F4F53E00205396 /* Release */,
			);
			defaultConfigurationIsVisible = 0;
			defaultConfigurationName = Release;
		};
		DCB6558D16F4F53E00205396 /* Build configuration list for PBXNativeTarget "AS Logins" */ = {
			isa = XCConfigurationList;
			buildConfigurations = (
				DCB6558E16F4F53E00205396 /* Debug */,
				DCB6558F16F4F53E00205396 /* Release */,
			);
			defaultConfigurationIsVisible = 0;
			defaultConfigurationName = Release;
		};
/* End XCConfigurationList section */

/* Begin XCVersionGroup section */
		DC5E5F0816F64CF700FC84EC /* ASLogins.xcdatamodeld */ = {
			isa = XCVersionGroup;
			children = (
				DC5E5F0916F64CF700FC84EC /* ASLogins.xcdatamodel */,
			);
			currentVersion = DC5E5F0916F64CF700FC84EC /* ASLogins.xcdatamodel */;
			path = ASLogins.xcdatamodeld;
			sourceTree = "<group>";
			versionGroupType = wrapper.xcdatamodel;
		};
/* End XCVersionGroup section */
	};
	rootObject = DCB6556216F4F53E00205396 /* Project object */;
}
